
Microsoft Visual Studio Solution File, Format Version 12.00
# Visual Studio 2015
Project("{FAE04EC0-301F-11D3-BF4B-00C04F79EFBC}") = "Frames Per Second", "Frames Per Second.csproj", "{A0B961B3-4F8C-AD73-E917-9832801F9B80}"
EndProject
Global
	GlobalSection(SolutionConfigurationPlatforms) = preSolution
		Debug|Any CPU = Debug|Any CPU
		Release|Any CPU = Release|Any CPU
	EndGlobalSection
	GlobalSection(ProjectConfigurationPlatforms) = postSolution
		{A0B961B3-4F8C-AD73-E917-9832801F9B80}.Debug|Any CPU.ActiveCfg = Debug|Any CPU
		{A0B961B3-4F8C-AD73-E917-9832801F9B80}.Debug|Any CPU.Build.0 = Debug|Any CPU
		{A0B961B3-4F8C-AD73-E917-9832801F9B80}.Release|Any CPU.ActiveCfg = Release|Any CPU
		{A0B961B3-4F8C-AD73-E917-9832801F9B80}.Release|Any CPU.Build.0 = Release|Any CPU
	EndGlobalSection
	GlobalSection(SolutionProperties) = preSolution
		HideSolutionNode = FALSE
	EndGlobalSection
EndGlobal
